
Microsoft Visual Studio Solution File, Format Version 12.00
# Visual Studio Version 17
VisualStudioVersion = 17.10.35122.118
MinimumVisualStudioVersion = 10.0.40219.1
Project("{FAE04EC0-301F-11D3-BF4B-00C04F79EFBC}") = "Mentorshiptask", "Mentorshiptask\Mentorshiptask.csproj", "{B1EE8C64-1040-4A91-BAFE-CD2FF6C5AA6C}"
EndProject
Global
	GlobalSection(SolutionConfigurationPlatforms) = preSolution
		Debug|Any CPU = Debug|Any CPU
		Release|Any CPU = Release|Any CPU
	EndGlobalSection
	GlobalSection(ProjectConfigurationPlatforms) = postSolution
		{B1EE8C64-1040-4A91-BAFE-CD2FF6C5AA6C}.Debug|Any CPU.ActiveCfg = Debug|Any CPU
		{B1EE8C64-1040-4A91-BAFE-CD2FF6C5AA6C}.Debug|Any CPU.Build.0 = Debug|Any CPU
		{B1EE8C64-1040-4A91-BAFE-CD2FF6C5AA6C}.Release|Any CPU.ActiveCfg = Release|Any CPU
		{B1EE8C64-1040-4A91-BAFE-CD2FF6C5AA6C}.Release|Any CPU.Build.0 = Release|Any CPU
	EndGlobalSection
	GlobalSection(SolutionProperties) = preSolution
		HideSolutionNode = FALSE
	EndGlobalSection
	GlobalSection(ExtensibilityGlobals) = postSolution
		SolutionGuid = {4B83CB8E-BCBF-493B-9BF6-FCEF79B00401}
	EndGlobalSection
EndGlobal
